
Microsoft Visual Studio Solution File, Format Version 12.00
# Visual Studio Version 17
VisualStudioVersion = 17.9.34728.123
MinimumVisualStudioVersion = 10.0.40219.1
Project("{FAE04EC0-301F-11D3-BF4B-00C04F79EFBC}") = "VideoConferenceApp", "VideoConferenceApp\VideoConferenceApp.csproj", "{D1B6EA1B-24FF-4A80-B417-2ED5ED672B01}"
EndProject
Global
	GlobalSection(SolutionConfigurationPlatforms) = preSolution
		Debug|Any CPU = Debug|Any CPU
		Release|Any CPU = Release|Any CPU
	EndGlobalSection
	GlobalSection(ProjectConfigurationPlatforms) = postSolution
		{D1B6EA1B-24FF-4A80-B417-2ED5ED672B01}.Debug|Any CPU.ActiveCfg = Debug|Any CPU
		{D1B6EA1B-24FF-4A80-B417-2ED5ED672B01}.Debug|Any CPU.Build.0 = Debug|Any CPU
		{D1B6EA1B-24FF-4A80-B417-2ED5ED672B01}.Release|Any CPU.ActiveCfg = Release|Any CPU
		{D1B6EA1B-24FF-4A80-B417-2ED5ED672B01}.Release|Any CPU.Build.0 = Release|Any CPU
	EndGlobalSection
	GlobalSection(SolutionProperties) = preSolution
		HideSolutionNode = FALSE
	EndGlobalSection
	GlobalSection(ExtensibilityGlobals) = postSolution
		SolutionGuid = {CAF2B959-38F8-44F7-B9D0-2B6B14C3DE4C}
	EndGlobalSection
EndGlobal
